
Microsoft Visual Studio Solution File, Format Version 12.00
# Visual Studio 15
VisualStudioVersion = 15.0.28307.421
MinimumVisualStudioVersion = 10.0.40219.1
Project("{FAE04EC0-301F-11D3-BF4B-00C04F79EFBC}") = "Wardian.Android", "Wardian\Wardian.Android\Wardian.Android.csproj", "{C29B29C4-2E16-4254-8C0A-64B2840172C8}"
EndProject
Project("{FAE04EC0-301F-11D3-BF4B-00C04F79EFBC}") = "Wardian.iOS", "Wardian\Wardian.iOS\Wardian.iOS.csproj", "{92BA3427-53DE-42D3-8A33-D0E61BFC9071}"
EndProject
Project("{FAE04EC0-301F-11D3-BF4B-00C04F79EFBC}") = "Wardian.UWP", "Wardian\Wardian.UWP\Wardian.UWP.csproj", "{119A9DD7-5EF5-4D38-8C03-058D2237A8C4}"
EndProject
Project("{FAE04EC0-301F-11D3-BF4B-00C04F79EFBC}") = "Wardian", "Wardian\Wardian\Wardian.csproj", "{2C0DBD0E-08EC-4616-A77A-C4854C3CC9CA}"
EndProject
Global
	GlobalSection(SolutionConfigurationPlatforms) = preSolution
		Ad-Hoc|Any CPU = Ad-Hoc|Any CPU
		Ad-Hoc|ARM = Ad-Hoc|ARM
		Ad-Hoc|iPhone = Ad-Hoc|iPhone
		Ad-Hoc|iPhoneSimulator = Ad-Hoc|iPhoneSimulator
		Ad-Hoc|x64 = Ad-Hoc|x64
		Ad-Hoc|x86 = Ad-Hoc|x86
		AppStore|Any CPU = AppStore|Any CPU
		AppStore|ARM = AppStore|ARM
		AppStore|iPhone = AppStore|iPhone
		AppStore|iPhoneSimulator = AppStore|iPhoneSimulator
		AppStore|x64 = AppStore|x64
		AppStore|x86 = AppStore|x86
		Debug|Any CPU = Debug|Any CPU
		Debug|ARM = Debug|ARM
		Debug|iPhone = Debug|iPhone
		Debug|iPhoneSimulator = Debug|iPhoneSimulator
		Debug|x64 = Debug|x64
		Debug|x86 = Debug|x86
		Release|Any CPU = Release|Any CPU
		Release|ARM = Release|ARM
		Release|iPhone = Release|iPhone
		Release|iPhoneSimulator = Release|iPhoneSimulator
		Release|x64 = Release|x64
		Release|x86 = Release|x86
	EndGlobalSection
	GlobalSection(ProjectConfigurationPlatforms) = postSolution
		{C29B29C4-2E16-4254-8C0A-64B2840172C8}.Ad-Hoc|Any CPU.ActiveCfg = Release|Any CPU
		{C29B29C4-2E16-4254-8C0A-64B2840172C8}.Ad-Hoc|Any CPU.Build.0 = Release|Any CPU
		{C29B29C4-2E16-4254-8C0A-64B2840172C8}.Ad-Hoc|Any CPU.Deploy.0 = Release|Any CPU
		{C29B29C4-2E16-4254-8C0A-64B2840172C8}.Ad-Hoc|ARM.ActiveCfg = Release|Any CPU
		{C29B29C4-2E16-4254-8C0A-64B2840172C8}.Ad-Hoc|ARM.Build.0 = Release|Any CPU
		{C29B29C4-2E16-4254-8C0A-64B2840172C8}.Ad-Hoc|ARM.Deploy.0 = Release|Any CPU
		{C29B29C4-2E16-4254-8C0A-64B2840172C8}.Ad-Hoc|iPhone.ActiveCfg = Release|Any CPU
		{C29B29C4-2E16-4254-8C0A-64B2840172C8}.Ad-Hoc|iPhone.Build.0 = Release|Any CPU
		{C29B29C4-2E16-4254-8C0A-64B2840172C8}.Ad-Hoc|iPhone.Deploy.0 = Release|Any CPU
		{C29B29C4-2E16-4254-8C0A-64B2840172C8}.Ad-Hoc|iPhoneSimulator.ActiveCfg = Release|Any CPU
		{C29B29C4-2E16-4254-8C0A-64B2840172C8}.Ad-Hoc|iPhoneSimulator.Build.0 = Release|Any CPU
		{C29B29C4-2E16-4254-8C0A-64B2840172C8}.Ad-Hoc|iPhoneSimulator.Deploy.0 = Release|Any CPU
		{C29B29C4-2E16-4254-8C0A-64B2840172C8}.Ad-Hoc|x64.ActiveCfg = Release|Any CPU
		{C29B29C4-2E16-4254-8C0A-64B2840172C8}.Ad-Hoc|x64.Build.0 = Release|Any CPU
		{C29B29C4-2E16-4254-8C0A-64B2840172C8}.Ad-Hoc|x64.Deploy.0 = Release|Any CPU
		{C29B29C4-2E16-4254-8C0A-64B2840172C8}.Ad-Hoc|x86.ActiveCfg = Release|Any CPU
		{C29B29C4-2E16-4254-8C0A-64B2840172C8}.Ad-Hoc|x86.Build.0 = Release|Any CPU
		{C29B29C4-2E16-4254-8C0A-64B2840172C8}.Ad-Hoc|x86.Deploy.0 = Release|Any CPU
		{C29B29C4-2E16-4254-8C0A-64B2840172C8}.AppStore|Any CPU.ActiveCfg = Release|Any CPU
		{C29B29C4-2E16-4254-8C0A-64B2840172C8}.AppStore|Any CPU.Build.0 = Release|Any CPU
		{C29B29C4-2E16-4254-8C0A-64B2840172C8}.AppStore|Any CPU.Deploy.0 = Release|Any CPU
		{C29B29C4-2E16-4254-8C0A-64B2840172C8}.AppStore|ARM.ActiveCfg = Release|Any CPU
		{C29B29C4-2E16-4254-8C0A-64B2840172C8}.AppStore|ARM.Build.0 = Release|Any CPU
		{C29B29C4-2E16-4254-8C0A-64B2840172C8}.AppStore|ARM.Deploy.0 = Release|Any CPU
		{C29B29C4-2E16-4254-8C0A-64B2840172C8}.AppStore|iPhone.ActiveCfg = Release|Any CPU
		{C29B29C4-2E16-4254-8C0A-64B2840172C8}.AppStore|iPhone.Build.0 = Release|Any CPU
		{C29B29C4-2E16-4254-8C0A-64B2840172C8}.AppStore|iPhone.Deploy.0 = Release|Any CPU
		{C29B29C4-2E16-4254-8C0A-64B2840172C8}.AppStore|iPhoneSimulator.ActiveCfg = Release|Any CPU
		{C29B29C4-2E16-4254-8C0A-64B2840172C8}.AppStore|iPhoneSimulator.Build.0 = Release|Any CPU
		{C29B29C4-2E16-4254-8C0A-64B2840172C8}.AppStore|iPhoneSimulator.Deploy.0 = Release|Any CPU
		{C29B29C4-2E16-4254-8C0A-64B2840172C8}.AppStore|x64.ActiveCfg = Release|Any CPU
		{C29B29C4-2E16-4254-8C0A-64B2840172C8}.AppStore|x64.Build.0 = Release|Any CPU
		{C29B29C4-2E16-4254-8C0A-64B2840172C8}.AppStore|x64.Deploy.0 = Release|Any CPU
		{C29B29C4-2E16-4254-8C0A-64B2840172C8}.AppStore|x86.ActiveCfg = Release|Any CPU
		{C29B29C4-2E16-4254-8C0A-64B2840172C8}.AppStore|x86.Build.0 = Release|Any CPU
		{C29B29C4-2E16-4254-8C0A-64B2840172C8}.AppStore|x86.Deploy.0 = Release|Any CPU
		{C29B29C4-2E16-4254-8C0A-64B2840172C8}.Debug|Any CPU.ActiveCfg = Debug|Any CPU
		{C29B29C4-2E16-4254-8C0A-64B2840172C8}.Debug|Any CPU.Build.0 = Debug|Any CPU
		{C29B29C4-2E16-4254-8C0A-64B2840172C8}.Debug|Any CPU.Deploy.0 = Debug|Any CPU
		{C29B29C4-2E16-4254-8C0A-64B2840172C8}.Debug|ARM.ActiveCfg = Debug|Any CPU
		{C29B29C4-2E16-4254-8C0A-64B2840172C8}.Debug|ARM.Build.0 = Debug|Any CPU
		{C29B29C4-2E16-4254-8C0A-64B2840172C8}.Debug|ARM.Deploy.0 = Debug|Any CPU
		{C29B29C4-2E16-4254-8C0A-64B2840172C8}.Debug|iPhone.ActiveCfg = Debug|Any CPU
		{C29B29C4-2E16-4254-8C0A-64B2840172C8}.Debug|iPhone.Build.0 = Debug|Any CPU
		{C29B29C4-2E16-4254-8C0A-64B2840172C8}.Debug|iPhone.Deploy.0 = Debug|Any CPU
		{C29B29C4-2E16-4254-8C0A-64B2840172C8}.Debug|iPhoneSimulator.ActiveCfg = Debug|Any CPU
		{C29B29C4-2E16-4254-8C0A-64B2840172C8}.Debug|iPhoneSimulator.Build.0 = Debug|Any CPU
		{C29B29C4-2E16-4254-8C0A-64B2840172C8}.Debug|iPhoneSimulator.Deploy.0 = Debug|Any CPU
		{C29B29C4-2E16-4254-8C0A-64B2840172C8}.Debug|x64.ActiveCfg = Debug|Any CPU
		{C29B29C4-2E16-4254-8C0A-64B2840172C8}.Debug|x64.Build.0 = Debug|Any CPU
		{C29B29C4-2E16-4254-8C0A-64B2840172C8}.Debug|x64.Deploy.0 = Debug|Any CPU
		{C29B29C4-2E16-4254-8C0A-64B2840172C8}.Debug|x86.ActiveCfg = Debug|Any CPU
		{C29B29C4-2E16-4254-8C0A-64B2840172C8}.Debug|x86.Build.0 = Debug|Any CPU
		{C29B29C4-2E16-4254-8C0A-64B2840172C8}.Debug|x86.Deploy.0 = Debug|Any CPU
		{C29B29C4-2E16-4254-8C0A-64B2840172C8}.Release|Any CPU.ActiveCfg = Release|Any CPU
		{C29B29C4-2E16-4254-8C0A-64B2840172C8}.Release|Any CPU.Build.0 = Release|Any CPU
		{C29B29C4-2E16-4254-8C0A-64B2840172C8}.Release|Any CPU.Deploy.0 = Release|Any CPU
		{C29B29C4-2E16-4254-8C0A-64B2840172C8}.Release|ARM.ActiveCfg = Release|Any CPU
		{C29B29C4-2E16-4254-8C0A-64B2840172C8}.Release|ARM.Build.0 = Release|Any CPU
		{C29B29C4-2E16-4254-8C0A-64B2840172C8}.Release|ARM.Deploy.0 = Release|Any CPU
		{C29B29C4-2E16-4254-8C0A-64B2840172C8}.Release|iPhone.ActiveCfg = Release|Any CPU
		{C29B29C4-2E16-4254-8C0A-64B2840172C8}.Release|iPhone.Build.0 = Release|Any CPU
		{C29B29C4-2E16-4254-8C0A-64B2840172C8}.Release|iPhone.Deploy.0 = Release|Any CPU
		{C29B29C4-2E16-4254-8C0A-64B2840172C8}.Release|iPhoneSimulator.ActiveCfg = Release|Any CPU
		{C29B29C4-2E16-4254-8C0A-64B2840172C8}.Release|iPhoneSimulator.Build.0 = Release|Any CPU
		{C29B29C4-2E16-4254-8C0A-64B2840172C8}.Release|iPhoneSimulator.Deploy.0 = Release|Any CPU
		{C29B29C4-2E16-4254-8C0A-64B2840172C8}.Release|x64.ActiveCfg = Release|Any CPU
		{C29B29C4-2E16-4254-8C0A-64B2840172C8}.Release|x64.Build.0 = Release|Any CPU
		{C29B29C4-2E16-4254-8C0A-64B2840172C8}.Release|x64.Deploy.0 = Release|Any CPU
		{C29B29C4-2E16-4254-8C0A-64B2840172C8}.Release|x86.ActiveCfg = Release|Any CPU
		{C29B29C4-2E16-4254-8C0A-64B2840172C8}.Release|x86.Build.0 = Release|Any CPU
		{C29B29C4-2E16-4254-8C0A-64B2840172C8}.Release|x86.Deploy.0 = Release|Any CPU
		{92BA3427-53DE-42D3-8A33-D0E61BFC9071}.Ad-Hoc|Any CPU.ActiveCfg = Ad-Hoc|iPhone
		{92BA3427-53DE-42D3-8A33-D0E61BFC9071}.Ad-Hoc|Any CPU.Build.0 = Ad-Hoc|iPhone
		{92BA3427-53DE-42D3-8A33-D0E61BFC9071}.Ad-Hoc|Any CPU.Deploy.0 = Ad-Hoc|iPhone
		{92BA3427-53DE-42D3-8A33-D0E61BFC9071}.Ad-Hoc|ARM.ActiveCfg = Ad-Hoc|iPhone
		{92BA3427-53DE-42D3-8A33-D0E61BFC9071}.Ad-Hoc|ARM.Build.0 = Ad-Hoc|iPhone
		{92BA3427-53DE-42D3-8A33-D0E61BFC9071}.Ad-Hoc|ARM.Deploy.0 = Ad-Hoc|iPhone
		{92BA3427-53DE-42D3-8A33-D0E61BFC9071}.Ad-Hoc|iPhone.ActiveCfg = Ad-Hoc|iPhone
		{92BA3427-53DE-42D3-8A33-D0E61BFC9071}.Ad-Hoc|iPhone.Build.0 = Ad-Hoc|iPhone
		{92BA3427-53DE-42D3-8A33-D0E61BFC9071}.Ad-Hoc|iPhone.Deploy.0 = Ad-Hoc|iPhone
		{92BA3427-53DE-42D3-8A33-D0E61BFC9071}.Ad-Hoc|iPhoneSimulator.ActiveCfg = Ad-Hoc|iPhoneSimulator
		{92BA3427-53DE-42D3-8A33-D0E61BFC9071}.Ad-Hoc|iPhoneSimulator.Build.0 = Ad-Hoc|iPhoneSimulator
		{92BA3427-53DE-42D3-8A33-D0E61BFC9071}.Ad-Hoc|iPhoneSimulator.Deploy.0 = Ad-Hoc|iPhoneSimulator
		{92BA3427-53DE-42D3-8A33-D0E61BFC9071}.Ad-Hoc|x64.ActiveCfg = Ad-Hoc|iPhone
		{92BA3427-53DE-42D3-8A33-D0E61BFC9071}.Ad-Hoc|x64.Build.0 = Ad-Hoc|iPhone
		{92BA3427-53DE-42D3-8A33-D0E61BFC9071}.Ad-Hoc|x64.Deploy.0 = Ad-Hoc|iPhone
		{92BA3427-53DE-42D3-8A33-D0E61BFC9071}.Ad-Hoc|x86.ActiveCfg = Ad-Hoc|iPhone
		{92BA3427-53DE-42D3-8A33-D0E61BFC9071}.Ad-Hoc|x86.Build.0 = Ad-Hoc|iPhone
		{92BA3427-53DE-42D3-8A33-D0E61BFC9071}.Ad-Hoc|x86.Deploy.0 = Ad-Hoc|iPhone
		{92BA3427-53DE-42D3-8A33-D0E61BFC9071}.AppStore|Any CPU.ActiveCfg = AppStore|iPhone
		{92BA3427-53DE-42D3-8A33-D0E61BFC9071}.AppStore|Any CPU.Build.0 = AppStore|iPhone
		{92BA3427-53DE-42D3-8A33-D0E61BFC9071}.AppStore|Any CPU.Deploy.0 = AppStore|iPhone
		{92BA3427-53DE-42D3-8A33-D0E61BFC9071}.AppStore|ARM.ActiveCfg = AppStore|iPhone
		{92BA3427-53DE-42D3-8A33-D0E61BFC9071}.AppStore|ARM.Build.0 = AppStore|iPhone
		{92BA3427-53DE-42D3-8A33-D0E61BFC9071}.AppStore|ARM.Deploy.0 = AppStore|iPhone
		{92BA3427-53DE-42D3-8A33-D0E61BFC9071}.AppStore|iPhone.ActiveCfg = AppStore|iPhone
		{92BA3427-53DE-42D3-8A33-D0E61BFC9071}.AppStore|iPhone.Build.0 = AppStore|iPhone
		{92BA3427-53DE-42D3-8A33-D0E61BFC9071}.AppStore|iPhone.Deploy.0 = AppStore|iPhone
		{92BA3427-53DE-42D3-8A33-D0E61BFC9071}.AppStore|iPhoneSimulator.ActiveCfg = AppStore|iPhoneSimulator
		{92BA3427-53DE-42D3-8A33-D0E61BFC9071}.AppStore|iPhoneSimulator.Build.0 = AppStore|iPhoneSimulator
		{92BA3427-53DE-42D3-8A33-D0E61BFC9071}.AppStore|iPhoneSimulator.Deploy.0 = AppStore|iPhoneSimulator
		{92BA3427-53DE-42D3-8A33-D0E61BFC9071}.AppStore|x64.ActiveCfg = AppStore|iPhone
		{92BA3427-53DE-42D3-8A33-D0E61BFC9071}.AppStore|x64.Build.0 = AppStore|iPhone
		{92BA3427-53DE-42D3-8A33-D0E61BFC9071}.AppStore|x64.Deploy.0 = AppStore|iPhone
		{92BA3427-53DE-42D3-8A33-D0E61BFC9071}.AppStore|x86.ActiveCfg = AppStore|iPhone
		{92BA3427-53DE-42D3-8A33-D0E61BFC9071}.AppStore|x86.Build.0 = AppStore|iPhone
		{92BA3427-53DE-42D3-8A33-D0E61BFC9071}.AppStore|x86.Deploy.0 = AppStore|iPhone
		{92BA3427-53DE-42D3-8A33-D0E61BFC9071}.Debug|Any CPU.ActiveCfg = Debug|iPhoneSimulator
		{92BA3427-53DE-42D3-8A33-D0E61BFC9071}.Debug|Any CPU.Build.0 = Debug|iPhoneSimulator
		{92BA3427-53DE-42D3-8A33-D0E61BFC9071}.Debug|Any CPU.Deploy.0 = Debug|iPhoneSimulator
		{92BA3427-53DE-42D3-8A33-D0E61BFC9071}.Debug|ARM.ActiveCfg = Debug|iPhone
		{92BA3427-53DE-42D3-8A33-D0E61BFC9071}.Debug|ARM.Build.0 = Debug|iPhone
		{92BA3427-53DE-42D3-8A33-D0E61BFC9071}.Debug|ARM.Deploy.0 = Debug|iPhone
		{92BA3427-53DE-42D3-8A33-D0E61BFC9071}.Debug|iPhone.ActiveCfg = Debug|iPhone
		{92BA3427-53DE-42D3-8A33-D0E61BFC9071}.Debug|iPhone.Build.0 = Debug|iPhone
		{92BA3427-53DE-42D3-8A33-D0E61BFC9071}.Debug|iPhone.Deploy.0 = Debug|iPhone
		{92BA3427-53DE-42D3-8A33-D0E61BFC9071}.Debug|iPhoneSimulator.ActiveCfg = Debug|iPhoneSimulator
		{92BA3427-53DE-42D3-8A33-D0E61BFC9071}.Debug|iPhoneSimulator.Build.0 = Debug|iPhoneSimulator
		{92BA3427-53DE-42D3-8A33-D0E61BFC9071}.Debug|iPhoneSimulator.Deploy.0 = Debug|iPhoneSimulator
		{92BA3427-53DE-42D3-8A33-D0E61BFC9071}.Debug|x64.ActiveCfg = Debug|iPhone
		{92BA3427-53DE-42D3-8A33-D0E61BFC9071}.Debug|x64.Build.0 = Debug|iPhone
		{92BA3427-53DE-42D3-8A33-D0E61BFC9071}.Debug|x64.Deploy.0 = Debug|iPhone
		{92BA3427-53DE-42D3-8A33-D0E61BFC9071}.Debug|x86.ActiveCfg = Debug|iPhone
		{92BA3427-53DE-42D3-8A33-D0E61BFC9071}.Debug|x86.Build.0 = Debug|iPhone
		{92BA3427-53DE-42D3-8A33-D0E61BFC9071}.Debug|x86.Deploy.0 = Debug|iPhone
		{92BA3427-53DE-42D3-8A33-D0E61BFC9071}.Release|Any CPU.ActiveCfg = Release|iPhone
		{92BA3427-53DE-42D3-8A33-D0E61BFC9071}.Release|Any CPU.Build.0 = Release|iPhone
		{92BA3427-53DE-42D3-8A33-D0E61BFC9071}.Release|Any CPU.Deploy.0 = Release|iPhone
		{92BA3427-53DE-42D3-8A33-D0E61BFC9071}.Release|ARM.ActiveCfg = Release|iPhone
		{92BA3427-53DE-42D3-8A33-D0E61BFC9071}.Release|ARM.Build.0 = Release|iPhone
		{92BA3427-53DE-42D3-8A33-D0E61BFC9071}.Release|ARM.Deploy.0 = Release|iPhone
		{92BA3427-53DE-42D3-8A33-D0E61BFC9071}.Release|iPhone.ActiveCfg = Release|iPhone
		{92BA3427-53DE-42D3-8A33-D0E61BFC9071}.Release|iPhone.Build.0 = Release|iPhone
		{92BA3427-53DE-42D3-8A33-D0E61BFC9071}.Release|iPhone.Deploy.0 = Release|iPhone
		{92BA3427-53DE-42D3-8A33-D0E61BFC9071}.Release|iPhoneSimulator.ActiveCfg = Release|iPhoneSimulator
		{92BA3427-53DE-42D3-8A33-D0E61BFC9071}.Release|iPhoneSimulator.Build.0 = Release|iPhoneSimulator
		{92BA3427-53DE-42D3-8A33-D0E61BFC9071}.Release|iPhoneSimulator.Deploy.0 = Release|iPhoneSimulator
		{92BA3427-53DE-42D3-8A33-D0E61BFC9071}.Release|x64.ActiveCfg = Release|iPhone
		{92BA3427-53DE-42D3-8A33-D0E61BFC9071}.Release|x64.Build.0 = Release|iPhone
		{92BA3427-53DE-42D3-8A33-D0E61BFC9071}.Release|x64.Deploy.0 = Release|iPhone
		{92BA3427-53DE-42D3-8A33-D0E61BFC9071}.Release|x86.ActiveCfg = Release|iPhone
		{92BA3427-53DE-42D3-8A33-D0E61BFC9071}.Release|x86.Build.0 = Release|iPhone
		{92BA3427-53DE-42D3-8A33-D0E61BFC9071}.Release|x86.Deploy.0 = Release|iPhone
		{119A9DD7-5EF5-4D38-8C03-058D2237A8C4}.Ad-Hoc|Any CPU.ActiveCfg = Release|x86
		{119A9DD7-5EF5-4D38-8C03-058D2237A8C4}.Ad-Hoc|Any CPU.Build.0 = Release|x86
		{119A9DD7-5EF5-4D38-8C03-058D2237A8C4}.Ad-Hoc|Any CPU.Deploy.0 = Release|x86
		{119A9DD7-5EF5-4D38-8C03-058D2237A8C4}.Ad-Hoc|ARM.ActiveCfg = Release|ARM
		{119A9DD7-5EF5-4D38-8C03-058D2237A8C4}.Ad-Hoc|ARM.Build.0 = Release|ARM
		{119A9DD7-5EF5-4D38-8C03-058D2237A8C4}.Ad-Hoc|ARM.Deploy.0 = Release|ARM
		{119A9DD7-5EF5-4D38-8C03-058D2237A8C4}.Ad-Hoc|iPhone.ActiveCfg = Release|x86
		{119A9DD7-5EF5-4D38-8C03-058D2237A8C4}.Ad-Hoc|iPhone.Build.0 = Release|x86
		{119A9DD7-5EF5-4D38-8C03-058D2237A8C4}.Ad-Hoc|iPhone.Deploy.0 = Release|x86
		{119A9DD7-5EF5-4D38-8C03-058D2237A8C4}.Ad-Hoc|iPhoneSimulator.ActiveCfg = Release|x86
		{119A9DD7-5EF5-4D38-8C03-058D2237A8C4}.Ad-Hoc|iPhoneSimulator.Build.0 = Release|x86
		{119A9DD7-5EF5-4D38-8C03-058D2237A8C4}.Ad-Hoc|iPhoneSimulator.Deploy.0 = Release|x86
		{119A9DD7-5EF5-4D38-8C03-058D2237A8C4}.Ad-Hoc|x64.ActiveCfg = Release|x64
		{119A9DD7-5EF5-4D38-8C03-058D2237A8C4}.Ad-Hoc|x64.Build.0 = Release|x64
		{119A9DD7-5EF5-4D38-8C03-058D2237A8C4}.Ad-Hoc|x64.Deploy.0 = Release|x64
		{119A9DD7-5EF5-4D38-8C03-058D2237A8C4}.Ad-Hoc|x86.ActiveCfg = Release|x86
		{119A9DD7-5EF5-4D38-8C03-058D2237A8C4}.Ad-Hoc|x86.Build.0 = Release|x86
		{119A9DD7-5EF5-4D38-8C03-058D2237A8C4}.Ad-Hoc|x86.Deploy.0 = Release|x86
		{119A9DD7-5EF5-4D38-8C03-058D2237A8C4}.AppStore|Any CPU.ActiveCfg = Release|x86
		{119A9DD7-5EF5-4D38-8C03-058D2237A8C4}.AppStore|Any CPU.Build.0 = Release|x86
		{119A9DD7-5EF5-4D38-8C03-058D2237A8C4}.AppStore|Any CPU.Deploy.0 = Release|x86
		{119A9DD7-5EF5-4D38-8C03-058D2237A8C4}.AppStore|ARM.ActiveCfg = Release|ARM
		{119A9DD7-5EF5-4D38-8C03-058D2237A8C4}.AppStore|ARM.Build.0 = Release|ARM
		{119A9DD7-5EF5-4D38-8C03-058D2237A8C4}.AppStore|ARM.Deploy.0 = Release|ARM
		{119A9DD7-5EF5-4D38-8C03-058D2237A8C4}.AppStore|iPhone.ActiveCfg = Release|x86
		{119A9DD7-5EF5-4D38-8C03-058D2237A8C4}.AppStore|iPhone.Build.0 = Release|x86
		{119A9DD7-5EF5-4D38-8C03-058D2237A8C4}.AppStore|iPhone.Deploy.0 = Release|x86
		{119A9DD7-5EF5-4D38-8C03-058D2237A8C4}.AppStore|iPhoneSimulator.ActiveCfg = Release|x86
		{119A9DD7-5EF5-4D38-8C03-058D2237A8C4}.AppStore|iPhoneSimulator.Build.0 = Release|x86
		{119A9DD7-5EF5-4D38-8C03-058D2237A8C4}.AppStore|iPhoneSimulator.Deploy.0 = Release|x86
		{119A9DD7-5EF5-4D38-8C03-058D2237A8C4}.AppStore|x64.ActiveCfg = Release|x64
		{119A9DD7-5EF5-4D38-8C03-058D2237A8C4}.AppStore|x64.Build.0 = Release|x64
		{119A9DD7-5EF5-4D38-8C03-058D2237A8C4}.AppStore|x64.Deploy.0 = Release|x64
		{119A9DD7-5EF5-4D38-8C03-058D2237A8C4}.AppStore|x86.ActiveCfg = Release|x86
		{119A9DD7-5EF5-4D38-8C03-058D2237A8C4}.AppStore|x86.Build.0 = Release|x86
		{119A9DD7-5EF5-4D38-8C03-058D2237A8C4}.AppStore|x86.Deploy.0 = Release|x86
		{119A9DD7-5EF5-4D38-8C03-058D2237A8C4}.Debug|Any CPU.ActiveCfg = Debug|x86
		{119A9DD7-5EF5-4D38-8C03-058D2237A8C4}.Debug|Any CPU.Build.0 = Debug|x86
		{119A9DD7-5EF5-4D38-8C03-058D2237A8C4}.Debug|Any CPU.Deploy.0 = Debug|x86
		{119A9DD7-5EF5-4D38-8C03-058D2237A8C4}.Debug|ARM.ActiveCfg = Debug|ARM
		{119A9DD7-5EF5-4D38-8C03-058D2237A8C4}.Debug|ARM.Build.0 = Debug|ARM
		{119A9DD7-5EF5-4D38-8C03-058D2237A8C4}.Debug|ARM.Deploy.0 = Debug|ARM
		{119A9DD7-5EF5-4D38-8C03-058D2237A8C4}.Debug|iPhone.ActiveCfg = Debug|x86
		{119A9DD7-5EF5-4D38-8C03-058D2237A8C4}.Debug|iPhone.Build.0 = Debug|x86
		{119A9DD7-5EF5-4D38-8C03-058D2237A8C4}.Debug|iPhone.Deploy.0 = Debug|x86
		{119A9DD7-5EF5-4D38-8C03-058D2237A8C4}.Debug|iPhoneSimulator.ActiveCfg = Debug|x86
		{119A9DD7-5EF5-4D38-8C03-058D2237A8C4}.Debug|iPhoneSimulator.Build.0 = Debug|x86
		{119A9DD7-5EF5-4D38-8C03-058D2237A8C4}.Debug|iPhoneSimulator.Deploy.0 = Debug|x86
		{119A9DD7-5EF5-4D38-8C03-058D2237A8C4}.Debug|x64.ActiveCfg = Debug|x64
		{119A9DD7-5EF5-4D38-8C03-058D2237A8C4}.Debug|x64.Build.0 = Debug|x64
		{119A9DD7-5EF5-4D38-8C03-058D2237A8C4}.Debug|x64.Deploy.0 = Debug|x64
		{119A9DD7-5EF5-4D38-8C03-058D2237A8C4}.Debug|x86.ActiveCfg = Debug|x86
		{119A9DD7-5EF5-4D38-8C03-058D2237A8C4}.Debug|x86.Build.0 = Debug|x86
		{119A9DD7-5EF5-4D38-8C03-058D2237A8C4}.Debug|x86.Deploy.0 = Debug|x86
		{119A9DD7-5EF5-4D38-8C03-058D2237A8C4}.Release|Any CPU.ActiveCfg = Release|x86
		{119A9DD7-5EF5-4D38-8C03-058D2237A8C4}.Release|Any CPU.Build.0 = Release|x86
		{119A9DD7-5EF5-4D38-8C03-058D2237A8C4}.Release|Any CPU.Deploy.0 = Release|x86
		{119A9DD7-5EF5-4D38-8C03-058D2237A8C4}.Release|ARM.ActiveCfg = Release|ARM
		{119A9DD7-5EF5-4D38-8C03-058D2237A8C4}.Release|ARM.Build.0 = Release|ARM
		{119A9DD7-5EF5-4D38-8C03-058D2237A8C4}.Release|ARM.Deploy.0 = Release|ARM
		{119A9DD7-5EF5-4D38-8C03-058D2237A8C4}.Release|iPhone.ActiveCfg = Release|x86
		{119A9DD7-5EF5-4D38-8C03-058D2237A8C4}.Release|iPhone.Build.0 = Release|x86
		{119A9DD7-5EF5-4D38-8C03-058D2237A8C4}.Release|iPhone.Deploy.0 = Release|x86
		{119A9DD7-5EF5-4D38-8C03-058D2237A8C4}.Release|iPhoneSimulator.ActiveCfg = Release|x86
		{119A9DD7-5EF5-4D38-8C03-058D2237A8C4}.Release|iPhoneSimulator.Build.0 = Release|x86
		{119A9DD7-5EF5-4D38-8C03-058D2237A8C4}.Release|iPhoneSimulator.Deploy.0 = Release|x86
		{119A9DD7-5EF5-4D38-8C03-058D2237A8C4}.Release|x64.ActiveCfg = Release|x64
		{119A9DD7-5EF5-4D38-8C03-058D2237A8C4}.Release|x64.Build.0 = Release|x64
		{119A9DD7-5EF5-4D38-8C03-058D2237A8C4}.Release|x64.Deploy.0 = Release|x64
		{119A9DD7-5EF5-4D38-8C03-058D2237A8C4}.Release|x86.ActiveCfg = Release|x86
		{119A9DD7-5EF5-4D38-8C03-058D2237A8C4}.Release|x86.Build.0 = Release|x86
		{119A9DD7-5EF5-4D38-8C03-058D2237A8C4}.Release|x86.Deploy.0 = Release|x86
		{2C0DBD0E-08EC-4616-A77A-C4854C3CC9CA}.Ad-Hoc|Any CPU.ActiveCfg = Debug|Any CPU
		{2C0DBD0E-08EC-4616-A77A-C4854C3CC9CA}.Ad-Hoc|Any CPU.Build.0 = Debug|Any CPU
		{2C0DBD0E-08EC-4616-A77A-C4854C3CC9CA}.Ad-Hoc|Any CPU.Deploy.0 = Debug|Any CPU
		{2C0DBD0E-08EC-4616-A77A-C4854C3CC9CA}.Ad-Hoc|ARM.ActiveCfg = Debug|Any CPU
		{2C0DBD0E-08EC-4616-A77A-C4854C3CC9CA}.Ad-Hoc|ARM.Build.0 = Debug|Any CPU
		{2C0DBD0E-08EC-4616-A77A-C4854C3CC9CA}.Ad-Hoc|ARM.Deploy.0 = Debug|Any CPU
		{2C0DBD0E-08EC-4616-A77A-C4854C3CC9CA}.Ad-Hoc|iPhone.ActiveCfg = Debug|Any CPU
		{2C0DBD0E-08EC-4616-A77A-C4854C3CC9CA}.Ad-Hoc|iPhone.Build.0 = Debug|Any CPU
		{2C0DBD0E-08EC-4616-A77A-C4854C3CC9CA}.Ad-Hoc|iPhone.Deploy.0 = Debug|Any CPU
		{2C0DBD0E-08EC-4616-A77A-C4854C3CC9CA}.Ad-Hoc|iPhoneSimulator.ActiveCfg = Debug|Any CPU
		{2C0DBD0E-08EC-4616-A77A-C4854C3CC9CA}.Ad-Hoc|iPhoneSimulator.Build.0 = Debug|Any CPU
		{2C0DBD0E-08EC-4616-A77A-C4854C3CC9CA}.Ad-Hoc|iPhoneSimulator.Deploy.0 = Debug|Any CPU
		{2C0DBD0E-08EC-4616-A77A-C4854C3CC9CA}.Ad-Hoc|x64.ActiveCfg = Debug|Any CPU
		{2C0DBD0E-08EC-4616-A77A-C4854C3CC9CA}.Ad-Hoc|x64.Build.0 = Debug|Any CPU
		{2C0DBD0E-08EC-4616-A77A-C4854C3CC9CA}.Ad-Hoc|x64.Deploy.0 = Debug|Any CPU
		{2C0DBD0E-08EC-4616-A77A-C4854C3CC9CA}.Ad-Hoc|x86.ActiveCfg = Debug|Any CPU
		{2C0DBD0E-08EC-4616-A77A-C4854C3CC9CA}.Ad-Hoc|x86.Build.0 = Debug|Any CPU
		{2C0DBD0E-08EC-4616-A77A-C4854C3CC9CA}.Ad-Hoc|x86.Deploy.0 = Debug|Any CPU
		{2C0DBD0E-08EC-4616-A77A-C4854C3CC9CA}.AppStore|Any CPU.ActiveCfg = Debug|Any CPU
		{2C0DBD0E-08EC-4616-A77A-C4854C3CC9CA}.AppStore|Any CPU.Build.0 = Debug|Any CPU
		{2C0DBD0E-08EC-4616-A77A-C4854C3CC9CA}.AppStore|Any CPU.Deploy.0 = Debug|Any CPU
		{2C0DBD0E-08EC-4616-A77A-C4854C3CC9CA}.AppStore|ARM.ActiveCfg = Debug|Any CPU
		{2C0DBD0E-08EC-4616-A77A-C4854C3CC9CA}.AppStore|ARM.Build.0 = Debug|Any CPU
		{2C0DBD0E-08EC-4616-A77A-C4854C3CC9CA}.AppStore|ARM.Deploy.0 = Debug|Any CPU
		{2C0DBD0E-08EC-4616-A77A-C4854C3CC9CA}.AppStore|iPhone.ActiveCfg = Debug|Any CPU
		{2C0DBD0E-08EC-4616-A77A-C4854C3CC9CA}.AppStore|iPhone.Build.0 = Debug|Any CPU
		{2C0DBD0E-08EC-4616-A77A-C4854C3CC9CA}.AppStore|iPhone.Deploy.0 = Debug|Any CPU
		{2C0DBD0E-08EC-4616-A77A-C4854C3CC9CA}.AppStore|iPhoneSimulator.ActiveCfg = Debug|Any CPU
		{2C0DBD0E-08EC-4616-A77A-C4854C3CC9CA}.AppStore|iPhoneSimulator.Build.0 = Debug|Any CPU
		{2C0DBD0E-08EC-4616-A77A-C4854C3CC9CA}.AppStore|iPhoneSimulator.Deploy.0 = Debug|Any CPU
		{2C0DBD0E-08EC-4616-A77A-C4854C3CC9CA}.AppStore|x64.ActiveCfg = Debug|Any CPU
		{2C0DBD0E-08EC-4616-A77A-C4854C3CC9CA}.AppStore|x64.Build.0 = Debug|Any CPU
		{2C0DBD0E-08EC-4616-A77A-C4854C3CC9CA}.AppStore|x64.Deploy.0 = Debug|Any CPU
		{2C0DBD0E-08EC-4616-A77A-C4854C3CC9CA}.AppStore|x86.ActiveCfg = Debug|Any CPU
		{2C0DBD0E-08EC-4616-A77A-C4854C3CC9CA}.AppStore|x86.Build.0 = Debug|Any CPU
		{2C0DBD0E-08EC-4616-A77A-C4854C3CC9CA}.AppStore|x86.Deploy.0 = Debug|Any CPU
		{2C0DBD0E-08EC-4616-A77A-C4854C3CC9CA}.Debug|Any CPU.ActiveCfg = Debug|Any CPU
		{2C0DBD0E-08EC-4616-A77A-C4854C3CC9CA}.Debug|Any CPU.Build.0 = Debug|Any CPU
		{2C0DBD0E-08EC-4616-A77A-C4854C3CC9CA}.Debug|Any CPU.Deploy.0 = Debug|Any CPU
		{2C0DBD0E-08EC-4616-A77A-C4854C3CC9CA}.Debug|ARM.ActiveCfg = Debug|Any CPU
		{2C0DBD0E-08EC-4616-A77A-C4854C3CC9CA}.Debug|ARM.Build.0 = Debug|Any CPU
		{2C0DBD0E-08EC-4616-A77A-C4854C3CC9CA}.Debug|ARM.Deploy.0 = Debug|Any CPU
		{2C0DBD0E-08EC-4616-A77A-C4854C3CC9CA}.Debug|iPhone.ActiveCfg = Debug|Any CPU
		{2C0DBD0E-08EC-4616-A77A-C4854C3CC9CA}.Debug|iPhone.Build.0 = Debug|Any CPU
		{2C0DBD0E-08EC-4616-A77A-C4854C3CC9CA}.Debug|iPhone.Deploy.0 = Debug|Any CPU
		{2C0DBD0E-08EC-4616-A77A-C4854C3CC9CA}.Debug|iPhoneSimulator.ActiveCfg = Debug|Any CPU
		{2C0DBD0E-08EC-4616-A77A-C4854C3CC9CA}.Debug|iPhoneSimulator.Build.0 = Debug|Any CPU
		{2C0DBD0E-08EC-4616-A77A-C4854C3CC9CA}.Debug|iPhoneSimulator.Deploy.0 = Debug|Any CPU
		{2C0DBD0E-08EC-4616-A77A-C4854C3CC9CA}.Debug|x64.ActiveCfg = Debug|Any CPU
		{2C0DBD0E-08EC-4616-A77A-C4854C3CC9CA}.Debug|x64.Build.0 = Debug|Any CPU
		{2C0DBD0E-08EC-4616-A77A-C4854C3CC9CA}.Debug|x64.Deploy.0 = Debug|Any CPU
		{2C0DBD0E-08EC-4616-A77A-C4854C3CC9CA}.Debug|x86.ActiveCfg = Debug|Any CPU
		{2C0DBD0E-08EC-4616-A77A-C4854C3CC9CA}.Debug|x86.Build.0 = Debug|Any CPU
		{2C0DBD0E-08EC-4616-A77A-C4854C3CC9CA}.Debug|x86.Deploy.0 = Debug|Any CPU
		{2C0DBD0E-08EC-4616-A77A-C4854C3CC9CA}.Release|Any CPU.ActiveCfg = Release|Any CPU
		{2C0DBD0E-08EC-4616-A77A-C4854C3CC9CA}.Release|Any CPU.Build.0 = Release|Any CPU
		{2C0DBD0E-08EC-4616-A77A-C4854C3CC9CA}.Release|Any CPU.Deploy.0 = Release|Any CPU
		{2C0DBD0E-08EC-4616-A77A-C4854C3CC9CA}.Release|ARM.ActiveCfg = Release|Any CPU
		{2C0DBD0E-08EC-4616-A77A-C4854C3CC9CA}.Release|ARM.Build.0 = Release|Any CPU
		{2C0DBD0E-08EC-4616-A77A-C4854C3CC9CA}.Release|ARM.Deploy.0 = Release|Any CPU
		{2C0DBD0E-08EC-4616-A77A-C4854C3CC9CA}.Release|iPhone.ActiveCfg = Release|Any CPU
		{2C0DBD0E-08EC-4616-A77A-C4854C3CC9CA}.Release|iPhone.Build.0 = Release|Any CPU
		{2C0DBD0E-08EC-4616-A77A-C4854C3CC9CA}.Release|iPhone.Deploy.0 = Release|Any CPU
		{2C0DBD0E-08EC-4616-A77A-C4854C3CC9CA}.Release|iPhoneSimulator.ActiveCfg = Release|Any CPU
		{2C0DBD0E-08EC-4616-A77A-C4854C3CC9CA}.Release|iPhoneSimulator.Build.0 = Release|Any CPU
		{2C0DBD0E-08EC-4616-A77A-C4854C3CC9CA}.Release|iPhoneSimulator.Deploy.0 = Release|Any CPU
		{2C0DBD0E-08EC-4616-A77A-C4854C3CC9CA}.Release|x64.ActiveCfg = Release|Any CPU
		{2C0DBD0E-08EC-4616-A77A-C4854C3CC9CA}.Release|x64.Build.0 = Release|Any CPU
		{2C0DBD0E-08EC-4616-A77A-C4854C3CC9CA}.Release|x64.Deploy.0 = Release|Any CPU
		{2C0DBD0E-08EC-4616-A77A-C4854C3CC9CA}.Release|x86.ActiveCfg = Release|Any CPU
		{2C0DBD0E-08EC-4616-A77A-C4854C3CC9CA}.Release|x86.Build.0 = Release|Any CPU
		{2C0DBD0E-08EC-4616-A77A-C4854C3CC9CA}.Release|x86.Deploy.0 = Release|Any CPU
	EndGlobalSection
	GlobalSection(SolutionProperties) = preSolution
		HideSolutionNode = FALSE
	EndGlobalSection
	GlobalSection(ExtensibilityGlobals) = postSolution
		SolutionGuid = {EDC8F83D-F449-4351-A838-9B85622A4B96}
	EndGlobalSection
EndGlobal
